
Microsoft Visual Studio Solution File, Format Version 12.00
# Visual Studio Version 17
VisualStudioVersion = 17.5.33424.131
MinimumVisualStudioVersion = 10.0.40219.1
Project("{9A19103F-16F7-4668-BE54-9A1E7A4F7556}") = "BierBockBackend", "BierBockBackend\BierBockBackend.csproj", "{4A315D42-C088-4118-AE1C-A152211B593A}"
EndProject
Project("{FAE04EC0-301F-11D3-BF4B-00C04F79EFBC}") = "DataStorage", "DataStorage\DataStorage.csproj", "{2657C58F-C49B-4E6E-9E69-BA360664E02F}"
EndProject
Global
	GlobalSection(SolutionConfigurationPlatforms) = preSolution
		Debug|Any CPU = Debug|Any CPU
		Release|Any CPU = Release|Any CPU
	EndGlobalSection
	GlobalSection(ProjectConfigurationPlatforms) = postSolution
		{4A315D42-C088-4118-AE1C-A152211B593A}.Debug|Any CPU.ActiveCfg = Debug|Any CPU
		{4A315D42-C088-4118-AE1C-A152211B593A}.Debug|Any CPU.Build.0 = Debug|Any CPU
		{4A315D42-C088-4118-AE1C-A152211B593A}.Release|Any CPU.ActiveCfg = Release|Any CPU
		{4A315D42-C088-4118-AE1C-A152211B593A}.Release|Any CPU.Build.0 = Release|Any CPU
		{2657C58F-C49B-4E6E-9E69-BA360664E02F}.Debug|Any CPU.ActiveCfg = Debug|Any CPU
		{2657C58F-C49B-4E6E-9E69-BA360664E02F}.Debug|Any CPU.Build.0 = Debug|Any CPU
		{2657C58F-C49B-4E6E-9E69-BA360664E02F}.Release|Any CPU.ActiveCfg = Release|Any CPU
		{2657C58F-C49B-4E6E-9E69-BA360664E02F}.Release|Any CPU.Build.0 = Release|Any CPU
	EndGlobalSection
	GlobalSection(SolutionProperties) = preSolution
		HideSolutionNode = FALSE
	EndGlobalSection
	GlobalSection(ExtensibilityGlobals) = postSolution
		SolutionGuid = {49835736-F168-49E0-9D84-F6ADC4EC2B4C}
	EndGlobalSection
EndGlobal
